
Microsoft Visual Studio Solution File, Format Version 12.00
# Visual Studio Version 16
VisualStudioVersion = 16.0.29519.161
MinimumVisualStudioVersion = 10.0.40219.1
Project("{9A19103F-16F7-4668-BE54-9A1E7A4F7556}") = "XFCollectionViewTemplateSelect", "XFCollectionViewTemplateSelect\XFCollectionViewTemplateSelect\XFCollectionViewTemplateSelect.csproj", "{8CC53924-7033-42D4-BA78-B437529437C8}"
EndProject
Project("{FAE04EC0-301F-11D3-BF4B-00C04F79EFBC}") = "XFCollectionViewTemplateSelect.Android", "XFCollectionViewTemplateSelect\XFCollectionViewTemplateSelect.Android\XFCollectionViewTemplateSelect.Android.csproj", "{B104BDAD-0D83-4C52-B95E-8B5BA8FD534A}"
EndProject
Global
	GlobalSection(SolutionConfigurationPlatforms) = preSolution
		Debug|Any CPU = Debug|Any CPU
		Release|Any CPU = Release|Any CPU
	EndGlobalSection
	GlobalSection(ProjectConfigurationPlatforms) = postSolution
		{8CC53924-7033-42D4-BA78-B437529437C8}.Debug|Any CPU.ActiveCfg = Debug|Any CPU
		{8CC53924-7033-42D4-BA78-B437529437C8}.Debug|Any CPU.Build.0 = Debug|Any CPU
		{8CC53924-7033-42D4-BA78-B437529437C8}.Debug|Any CPU.Deploy.0 = Debug|Any CPU
		{8CC53924-7033-42D4-BA78-B437529437C8}.Release|Any CPU.ActiveCfg = Release|Any CPU
		{8CC53924-7033-42D4-BA78-B437529437C8}.Release|Any CPU.Build.0 = Release|Any CPU
		{8CC53924-7033-42D4-BA78-B437529437C8}.Release|Any CPU.Deploy.0 = Release|Any CPU
		{B104BDAD-0D83-4C52-B95E-8B5BA8FD534A}.Debug|Any CPU.ActiveCfg = Debug|Any CPU
		{B104BDAD-0D83-4C52-B95E-8B5BA8FD534A}.Debug|Any CPU.Build.0 = Debug|Any CPU
		{B104BDAD-0D83-4C52-B95E-8B5BA8FD534A}.Debug|Any CPU.Deploy.0 = Debug|Any CPU
		{B104BDAD-0D83-4C52-B95E-8B5BA8FD534A}.Release|Any CPU.ActiveCfg = Release|Any CPU
		{B104BDAD-0D83-4C52-B95E-8B5BA8FD534A}.Release|Any CPU.Build.0 = Release|Any CPU
		{B104BDAD-0D83-4C52-B95E-8B5BA8FD534A}.Release|Any CPU.Deploy.0 = Release|Any CPU
	EndGlobalSection
	GlobalSection(SolutionProperties) = preSolution
		HideSolutionNode = FALSE
	EndGlobalSection
	GlobalSection(ExtensibilityGlobals) = postSolution
		SolutionGuid = {77B99B9F-4076-491B-AFF5-102091A4BD2C}
	EndGlobalSection
EndGlobal
